// !$*UTF8*$!
{
	archiveVersion = 1;
	classes = {
	};
	objectVersion = 52;
	objects = {

/* Begin PBXBuildFile section */
		890CD6DC2491F51700ED3977 /* NetworkService.swift in Sources */ = {isa = PBXBuildFile; fileRef = 890CD6DB2491F51700ED3977 /* NetworkService.swift */; };
		890CD6DE2491F52D00ED3977 /* NetworkServiceProtocol.swift in Sources */ = {isa = PBXBuildFile; fileRef = 890CD6DD2491F52D00ED3977 /* NetworkServiceProtocol.swift */; };
		890CD6E02491F54200ED3977 /* Resource.swift in Sources */ = {isa = PBXBuildFile; fileRef = 890CD6DF2491F54200ED3977 /* Resource.swift */; };
		890CD6E22491F5D500ED3977 /* PublisherUtils.swift in Sources */ = {isa = PBXBuildFile; fileRef = 890CD6E12491F5D500ED3977 /* PublisherUtils.swift */; };
		890CD6E62491F69700ED3977 /* ServicesProvider.swift in Sources */ = {isa = PBXBuildFile; fileRef = 890CD6E52491F69700ED3977 /* ServicesProvider.swift */; };
		890CD6E82491F7A900ED3977 /* ApiConstants.swift in Sources */ = {isa = PBXBuildFile; fileRef = 890CD6E72491F7A900ED3977 /* ApiConstants.swift */; };
		890CD6EB2491F88400ED3977 /* ResourceUsers.swift in Sources */ = {isa = PBXBuildFile; fileRef = 890CD6EA2491F88400ED3977 /* ResourceUsers.swift */; };
		890CD6ED2491F9C900ED3977 /* UsersService.swift in Sources */ = {isa = PBXBuildFile; fileRef = 890CD6EC2491F9C900ED3977 /* UsersService.swift */; };
		890CD6EF249209E500ED3977 /* Scheduler.swift in Sources */ = {isa = PBXBuildFile; fileRef = 890CD6EE249209E500ED3977 /* Scheduler.swift */; };
		890CD7042496A43E00ED3977 /* LoginViewModel.swift in Sources */ = {isa = PBXBuildFile; fileRef = 890CD7032496A43E00ED3977 /* LoginViewModel.swift */; };
		890CD7062496A88800ED3977 /* ContentViewModel.swift in Sources */ = {isa = PBXBuildFile; fileRef = 890CD7052496A88800ED3977 /* ContentViewModel.swift */; };
		8969738F2436DFE800BE3A3B /* Coordinates.swift in Sources */ = {isa = PBXBuildFile; fileRef = 8969738E2436DFE800BE3A3B /* Coordinates.swift */; };
		896973912436E01D00BE3A3B /* Location.swift in Sources */ = {isa = PBXBuildFile; fileRef = 896973902436E01D00BE3A3B /* Location.swift */; };
		896973932436E03200BE3A3B /* Picture.swift in Sources */ = {isa = PBXBuildFile; fileRef = 896973922436E03200BE3A3B /* Picture.swift */; };
		896973952436E04300BE3A3B /* Name.swift in Sources */ = {isa = PBXBuildFile; fileRef = 896973942436E04300BE3A3B /* Name.swift */; };
		89837A152436E91800A55FC8 /* Localizable.strings in Resources */ = {isa = PBXBuildFile; fileRef = 89837A172436E91800A55FC8 /* Localizable.strings */; };
		89837A1A2436EB7C00A55FC8 /* AccountTexts.swift in Sources */ = {isa = PBXBuildFile; fileRef = 89837A192436EB7C00A55FC8 /* AccountTexts.swift */; };
		89AC9CAB24369BF600703E9E /* AppDelegate.swift in Sources */ = {isa = PBXBuildFile; fileRef = 89AC9CAA24369BF600703E9E /* AppDelegate.swift */; };
		89AC9CAD24369BF600703E9E /* SceneDelegate.swift in Sources */ = {isa = PBXBuildFile; fileRef = 89AC9CAC24369BF600703E9E /* SceneDelegate.swift */; };
		89AC9CB024369BF600703E9E /* IOSDemo.xcdatamodeld in Sources */ = {isa = PBXBuildFile; fileRef = 89AC9CAE24369BF600703E9E /* IOSDemo.xcdatamodeld */; };
		89AC9CB224369BF700703E9E /* ContentView.swift in Sources */ = {isa = PBXBuildFile; fileRef = 89AC9CB124369BF700703E9E /* ContentView.swift */; };
		89AC9CB424369BFA00703E9E /* Assets.xcassets in Resources */ = {isa = PBXBuildFile; fileRef = 89AC9CB324369BFA00703E9E /* Assets.xcassets */; };
		89AC9CB724369BFA00703E9E /* Preview Assets.xcassets in Resources */ = {isa = PBXBuildFile; fileRef = 89AC9CB624369BFA00703E9E /* Preview Assets.xcassets */; };
		89AC9CBA24369BFA00703E9E /* LaunchScreen.storyboard in Resources */ = {isa = PBXBuildFile; fileRef = 89AC9CB824369BFA00703E9E /* LaunchScreen.storyboard */; };
		89AC9CD024369BFA00703E9E /* IOSDemoUITests.swift in Sources */ = {isa = PBXBuildFile; fileRef = 89AC9CCF24369BFA00703E9E /* IOSDemoUITests.swift */; };
		89AC9CE924369E0100703E9E /* ContactDetailView.swift in Sources */ = {isa = PBXBuildFile; fileRef = 89AC9CE824369E0100703E9E /* ContactDetailView.swift */; };
		89AC9CEB24369E3900703E9E /* ContactDetailViewModel.swift in Sources */ = {isa = PBXBuildFile; fileRef = 89AC9CEA24369E3900703E9E /* ContactDetailViewModel.swift */; };
		89AC9CEF24369E9100703E9E /* GetUsersResponse.swift in Sources */ = {isa = PBXBuildFile; fileRef = 89AC9CEE24369E9100703E9E /* GetUsersResponse.swift */; };
		89AC9CF124369EB500703E9E /* Contact.swift in Sources */ = {isa = PBXBuildFile; fileRef = 89AC9CF024369EB500703E9E /* Contact.swift */; };
		89AC9CF324369ED900703E9E /* UserDataManager.swift in Sources */ = {isa = PBXBuildFile; fileRef = 89AC9CF224369ED900703E9E /* UserDataManager.swift */; };
		89AC9CF524369EFF00703E9E /* UIColorExtension.swift in Sources */ = {isa = PBXBuildFile; fileRef = 89AC9CF424369EFF00703E9E /* UIColorExtension.swift */; };
		89AC9CF724369F1C00703E9E /* StringExtension.swift in Sources */ = {isa = PBXBuildFile; fileRef = 89AC9CF624369F1C00703E9E /* StringExtension.swift */; };
		89AC9CF924369F4D00703E9E /* NotificationNameExtension.swift in Sources */ = {isa = PBXBuildFile; fileRef = 89AC9CF824369F4D00703E9E /* NotificationNameExtension.swift */; };
		89AC9CFB24369F9800703E9E /* NSManagedObjectContactExtension.swift in Sources */ = {isa = PBXBuildFile; fileRef = 89AC9CFA24369F9800703E9E /* NSManagedObjectContactExtension.swift */; };
		89AC9CFD24369FB400703E9E /* ColorExtension.swift in Sources */ = {isa = PBXBuildFile; fileRef = 89AC9CFC24369FB400703E9E /* ColorExtension.swift */; };
		89AC9CFF2436A06800703E9E /* LoadingView.swift in Sources */ = {isa = PBXBuildFile; fileRef = 89AC9CFE2436A06800703E9E /* LoadingView.swift */; };
		89AC9D012436A0CE00703E9E /* ContactListViewModel.swift in Sources */ = {isa = PBXBuildFile; fileRef = 89AC9D002436A0CE00703E9E /* ContactListViewModel.swift */; };
		89AC9D052436A1AC00703E9E /* LoginView.swift in Sources */ = {isa = PBXBuildFile; fileRef = 89AC9D042436A1AC00703E9E /* LoginView.swift */; };
		89AC9D072436A27D00703E9E /* ContactRowViewModel.swift in Sources */ = {isa = PBXBuildFile; fileRef = 89AC9D062436A27D00703E9E /* ContactRowViewModel.swift */; };
		89AC9D0A2436A30A00703E9E /* PictureEntity.swift in Sources */ = {isa = PBXBuildFile; fileRef = 89AC9D092436A30A00703E9E /* PictureEntity.swift */; };
		89AC9D0C2436A32500703E9E /* NameEntity.swift in Sources */ = {isa = PBXBuildFile; fileRef = 89AC9D0B2436A32500703E9E /* NameEntity.swift */; };
		89AC9D0E2436A33100703E9E /* LocationEntity.swift in Sources */ = {isa = PBXBuildFile; fileRef = 89AC9D0D2436A33100703E9E /* LocationEntity.swift */; };
		89AC9D102436A34200703E9E /* CoordinatesEntity.swift in Sources */ = {isa = PBXBuildFile; fileRef = 89AC9D0F2436A34200703E9E /* CoordinatesEntity.swift */; };
		89AC9D122436A34A00703E9E /* ContactEntity.swift in Sources */ = {isa = PBXBuildFile; fileRef = 89AC9D112436A34A00703E9E /* ContactEntity.swift */; };
		89AC9D142436A4CC00703E9E /* WelcomeView.swift in Sources */ = {isa = PBXBuildFile; fileRef = 89AC9D132436A4CC00703E9E /* WelcomeView.swift */; };
		89AC9D162436A51B00703E9E /* HomeView.swift in Sources */ = {isa = PBXBuildFile; fileRef = 89AC9D152436A51B00703E9E /* HomeView.swift */; };
		89AC9D1B2436A6E600703E9E /* URLImage in Frameworks */ = {isa = PBXBuildFile; productRef = 89AC9D1A2436A6E600703E9E /* URLImage */; };
		89AC9D1D2436A96F00703E9E /* MapView.swift in Sources */ = {isa = PBXBuildFile; fileRef = 89AC9D1C2436A96F00703E9E /* MapView.swift */; };
		89AC9D212436ADF200703E9E /* ContactRowView.swift in Sources */ = {isa = PBXBuildFile; fileRef = 89AC9D202436ADF200703E9E /* ContactRowView.swift */; };
		89AC9D252436B00C00703E9E /* AppDefaults.swift in Sources */ = {isa = PBXBuildFile; fileRef = 89AC9D242436B00C00703E9E /* AppDefaults.swift */; };
		89AC9D282436B70600703E9E /* APIDataTests.swift in Sources */ = {isa = PBXBuildFile; fileRef = 89AC9D272436B70600703E9E /* APIDataTests.swift */; };
		89BF375C2436BD1700C864D3 /* monof55.ttf in Resources */ = {isa = PBXBuildFile; fileRef = 89BF375B2436BD1700C864D3 /* monof55.ttf */; };
/* End PBXBuildFile section */

/* Begin PBXContainerItemProxy section */
		89AC9CC124369BFA00703E9E /* PBXContainerItemProxy */ = {
			isa = PBXContainerItemProxy;
			containerPortal = 89AC9C9F24369BF600703E9E /* Project object */;
			proxyType = 1;
			remoteGlobalIDString = 89AC9CA624369BF600703E9E;
			remoteInfo = IOSDemo;
		};
		89AC9CCC24369BFA00703E9E /* PBXContainerItemProxy */ = {
			isa = PBXContainerItemProxy;
			containerPortal = 89AC9C9F24369BF600703E9E /* Project object */;
			proxyType = 1;
			remoteGlobalIDString = 89AC9CA624369BF600703E9E;
			remoteInfo = IOSDemo;
		};
/* End PBXContainerItemProxy section */

/* Begin PBXFileReference section */
		890CD6DB2491F51700ED3977 /* NetworkService.swift */ = {isa = PBXFileReference; lastKnownFileType = sourcecode.swift; path = NetworkService.swift; sourceTree = "<group>"; };
		890CD6DD2491F52D00ED3977 /* NetworkServiceProtocol.swift */ = {isa = PBXFileReference; lastKnownFileType = sourcecode.swift; path = NetworkServiceProtocol.swift; sourceTree = "<group>"; };
		890CD6DF2491F54200ED3977 /* Resource.swift */ = {isa = PBXFileReference; lastKnownFileType = sourcecode.swift; path = Resource.swift; sourceTree = "<group>"; };
		890CD6E12491F5D500ED3977 /* PublisherUtils.swift */ = {isa = PBXFileReference; lastKnownFileType = sourcecode.swift; path = PublisherUtils.swift; sourceTree = "<group>"; };
		890CD6E52491F69700ED3977 /* ServicesProvider.swift */ = {isa = PBXFileReference; lastKnownFileType = sourcecode.swift; path = ServicesProvider.swift; sourceTree = "<group>"; };
		890CD6E72491F7A900ED3977 /* ApiConstants.swift */ = {isa = PBXFileReference; lastKnownFileType = sourcecode.swift; path = ApiConstants.swift; sourceTree = "<group>"; };
		890CD6EA2491F88400ED3977 /* ResourceUsers.swift */ = {isa = PBXFileReference; lastKnownFileType = sourcecode.swift; path = ResourceUsers.swift; sourceTree = "<group>"; };
		890CD6EC2491F9C900ED3977 /* UsersService.swift */ = {isa = PBXFileReference; lastKnownFileType = sourcecode.swift; path = UsersService.swift; sourceTree = "<group>"; };
		890CD6EE249209E500ED3977 /* Scheduler.swift */ = {isa = PBXFileReference; fileEncoding = 4; lastKnownFileType = sourcecode.swift; path = Scheduler.swift; sourceTree = "<group>"; };
		890CD7032496A43E00ED3977 /* LoginViewModel.swift */ = {isa = PBXFileReference; lastKnownFileType = sourcecode.swift; path = LoginViewModel.swift; sourceTree = "<group>"; };
		890CD7052496A88800ED3977 /* ContentViewModel.swift */ = {isa = PBXFileReference; lastKnownFileType = sourcecode.swift; path = ContentViewModel.swift; sourceTree = "<group>"; };
		8969738E2436DFE800BE3A3B /* Coordinates.swift */ = {isa = PBXFileReference; lastKnownFileType = sourcecode.swift; path = Coordinates.swift; sourceTree = "<group>"; };
		896973902436E01D00BE3A3B /* Location.swift */ = {isa = PBXFileReference; lastKnownFileType = sourcecode.swift; path = Location.swift; sourceTree = "<group>"; };
		896973922436E03200BE3A3B /* Picture.swift */ = {isa = PBXFileReference; lastKnownFileType = sourcecode.swift; path = Picture.swift; sourceTree = "<group>"; };
		896973942436E04300BE3A3B /* Name.swift */ = {isa = PBXFileReference; lastKnownFileType = sourcecode.swift; path = Name.swift; sourceTree = "<group>"; };
		89837A162436E91800A55FC8 /* en */ = {isa = PBXFileReference; lastKnownFileType = text.plist.strings; name = en; path = en.lproj/Localizable.strings; sourceTree = "<group>"; };
		89837A182436E92C00A55FC8 /* vi */ = {isa = PBXFileReference; lastKnownFileType = text.plist.strings; name = vi; path = vi.lproj/Localizable.strings; sourceTree = "<group>"; };
		89837A192436EB7C00A55FC8 /* AccountTexts.swift */ = {isa = PBXFileReference; lastKnownFileType = sourcecode.swift; path = AccountTexts.swift; sourceTree = "<group>"; };
		89AC9CA724369BF600703E9E /* IOSDemo.app */ = {isa = PBXFileReference; explicitFileType = wrapper.application; includeInIndex = 0; path = IOSDemo.app; sourceTree = BUILT_PRODUCTS_DIR; };
		89AC9CAA24369BF600703E9E /* AppDelegate.swift */ = {isa = PBXFileReference; lastKnownFileType = sourcecode.swift; path = AppDelegate.swift; sourceTree = "<group>"; };
		89AC9CAC24369BF600703E9E /* SceneDelegate.swift */ = {isa = PBXFileReference; lastKnownFileType = sourcecode.swift; path = SceneDelegate.swift; sourceTree = "<group>"; };
		89AC9CAF24369BF600703E9E /* IOSDemo.xcdatamodel */ = {isa = PBXFileReference; lastKnownFileType = wrapper.xcdatamodel; path = IOSDemo.xcdatamodel; sourceTree = "<group>"; };
		89AC9CB124369BF700703E9E /* ContentView.swift */ = {isa = PBXFileReference; lastKnownFileType = sourcecode.swift; path = ContentView.swift; sourceTree = "<group>"; };
		89AC9CB324369BFA00703E9E /* Assets.xcassets */ = {isa = PBXFileReference; lastKnownFileType = folder.assetcatalog; path = Assets.xcassets; sourceTree = "<group>"; };
		89AC9CB624369BFA00703E9E /* Preview Assets.xcassets */ = {isa = PBXFileReference; lastKnownFileType = folder.assetcatalog; path = "Preview Assets.xcassets"; sourceTree = "<group>"; };
		89AC9CB924369BFA00703E9E /* Base */ = {isa = PBXFileReference; lastKnownFileType = file.storyboard; name = Base; path = Base.lproj/LaunchScreen.storyboard; sourceTree = "<group>"; };
		89AC9CBB24369BFA00703E9E /* Info.plist */ = {isa = PBXFileReference; lastKnownFileType = text.plist.xml; path = Info.plist; sourceTree = "<group>"; };
		89AC9CC024369BFA00703E9E /* IOSDemoTests.xctest */ = {isa = PBXFileReference; explicitFileType = wrapper.cfbundle; includeInIndex = 0; path = IOSDemoTests.xctest; sourceTree = BUILT_PRODUCTS_DIR; };
		89AC9CC624369BFA00703E9E /* Info.plist */ = {isa = PBXFileReference; lastKnownFileType = text.plist.xml; path = Info.plist; sourceTree = "<group>"; };
		89AC9CCB24369BFA00703E9E /* IOSDemoUITests.xctest */ = {isa = PBXFileReference; explicitFileType = wrapper.cfbundle; includeInIndex = 0; path = IOSDemoUITests.xctest; sourceTree = BUILT_PRODUCTS_DIR; };
		89AC9CCF24369BFA00703E9E /* IOSDemoUITests.swift */ = {isa = PBXFileReference; lastKnownFileType = sourcecode.swift; path = IOSDemoUITests.swift; sourceTree = "<group>"; };
		89AC9CD124369BFA00703E9E /* Info.plist */ = {isa = PBXFileReference; lastKnownFileType = text.plist.xml; path = Info.plist; sourceTree = "<group>"; };
		89AC9CE824369E0100703E9E /* ContactDetailView.swift */ = {isa = PBXFileReference; lastKnownFileType = sourcecode.swift; path = ContactDetailView.swift; sourceTree = "<group>"; };
		89AC9CEA24369E3900703E9E /* ContactDetailViewModel.swift */ = {isa = PBXFileReference; lastKnownFileType = sourcecode.swift; path = ContactDetailViewModel.swift; sourceTree = "<group>"; };
		89AC9CEE24369E9100703E9E /* GetUsersResponse.swift */ = {isa = PBXFileReference; lastKnownFileType = sourcecode.swift; path = GetUsersResponse.swift; sourceTree = "<group>"; };
		89AC9CF024369EB500703E9E /* Contact.swift */ = {isa = PBXFileReference; lastKnownFileType = sourcecode.swift; path = Contact.swift; sourceTree = "<group>"; };
		89AC9CF224369ED900703E9E /* UserDataManager.swift */ = {isa = PBXFileReference; lastKnownFileType = sourcecode.swift; path = UserDataManager.swift; sourceTree = "<group>"; };
		89AC9CF424369EFF00703E9E /* UIColorExtension.swift */ = {isa = PBXFileReference; lastKnownFileType = sourcecode.swift; path = UIColorExtension.swift; sourceTree = "<group>"; };
		89AC9CF624369F1C00703E9E /* StringExtension.swift */ = {isa = PBXFileReference; lastKnownFileType = sourcecode.swift; path = StringExtension.swift; sourceTree = "<group>"; };
		89AC9CF824369F4D00703E9E /* NotificationNameExtension.swift */ = {isa = PBXFileReference; lastKnownFileType = sourcecode.swift; path = NotificationNameExtension.swift; sourceTree = "<group>"; };
		89AC9CFA24369F9800703E9E /* NSManagedObjectContactExtension.swift */ = {isa = PBXFileReference; lastKnownFileType = sourcecode.swift; path = NSManagedObjectContactExtension.swift; sourceTree = "<group>"; };
		89AC9CFC24369FB400703E9E /* ColorExtension.swift */ = {isa = PBXFileReference; lastKnownFileType = sourcecode.swift; path = ColorExtension.swift; sourceTree = "<group>"; };
		89AC9CFE2436A06800703E9E /* LoadingView.swift */ = {isa = PBXFileReference; lastKnownFileType = sourcecode.swift; path = LoadingView.swift; sourceTree = "<group>"; };
		89AC9D002436A0CE00703E9E /* ContactListViewModel.swift */ = {isa = PBXFileReference; lastKnownFileType = sourcecode.swift; path = ContactListViewModel.swift; sourceTree = "<group>"; };
		89AC9D042436A1AC00703E9E /* LoginView.swift */ = {isa = PBXFileReference; lastKnownFileType = sourcecode.swift; path = LoginView.swift; sourceTree = "<group>"; };
		89AC9D062436A27D00703E9E /* ContactRowViewModel.swift */ = {isa = PBXFileReference; lastKnownFileType = sourcecode.swift; path = ContactRowViewModel.swift; sourceTree = "<group>"; };
		89AC9D092436A30A00703E9E /* PictureEntity.swift */ = {isa = PBXFileReference; lastKnownFileType = sourcecode.swift; path = PictureEntity.swift; sourceTree = "<group>"; };
		89AC9D0B2436A32500703E9E /* NameEntity.swift */ = {isa = PBXFileReference; lastKnownFileType = sourcecode.swift; path = NameEntity.swift; sourceTree = "<group>"; };
		89AC9D0D2436A33100703E9E /* LocationEntity.swift */ = {isa = PBXFileReference; lastKnownFileType = sourcecode.swift; path = LocationEntity.swift; sourceTree = "<group>"; };
		89AC9D0F2436A34200703E9E /* CoordinatesEntity.swift */ = {isa = PBXFileReference; lastKnownFileType = sourcecode.swift; path = CoordinatesEntity.swift; sourceTree = "<group>"; };
		89AC9D112436A34A00703E9E /* ContactEntity.swift */ = {isa = PBXFileReference; lastKnownFileType = sourcecode.swift; path = ContactEntity.swift; sourceTree = "<group>"; };
		89AC9D132436A4CC00703E9E /* WelcomeView.swift */ = {isa = PBXFileReference; lastKnownFileType = sourcecode.swift; path = WelcomeView.swift; sourceTree = "<group>"; };
		89AC9D152436A51B00703E9E /* HomeView.swift */ = {isa = PBXFileReference; lastKnownFileType = sourcecode.swift; path = HomeView.swift; sourceTree = "<group>"; };
		89AC9D1C2436A96F00703E9E /* MapView.swift */ = {isa = PBXFileReference; lastKnownFileType = sourcecode.swift; path = MapView.swift; sourceTree = "<group>"; };
		89AC9D202436ADF200703E9E /* ContactRowView.swift */ = {isa = PBXFileReference; lastKnownFileType = sourcecode.swift; path = ContactRowView.swift; sourceTree = "<group>"; };
		89AC9D242436B00C00703E9E /* AppDefaults.swift */ = {isa = PBXFileReference; lastKnownFileType = sourcecode.swift; path = AppDefaults.swift; sourceTree = "<group>"; };
		89AC9D272436B70600703E9E /* APIDataTests.swift */ = {isa = PBXFileReference; lastKnownFileType = sourcecode.swift; path = APIDataTests.swift; sourceTree = "<group>"; };
		89BF375B2436BD1700C864D3 /* monof55.ttf */ = {isa = PBXFileReference; lastKnownFileType = file; path = monof55.ttf; sourceTree = "<group>"; };
/* End PBXFileReference section */

/* Begin PBXFrameworksBuildPhase section */
		89AC9CA424369BF600703E9E /* Frameworks */ = {
			isa = PBXFrameworksBuildPhase;
			buildActionMask = 2147483647;
			files = (
				89AC9D1B2436A6E600703E9E /* URLImage in Frameworks */,
			);
			runOnlyForDeploymentPostprocessing = 0;
		};
		89AC9CBD24369BFA00703E9E /* Frameworks */ = {
			isa = PBXFrameworksBuildPhase;
			buildActionMask = 2147483647;
			files = (
			);
			runOnlyForDeploymentPostprocessing = 0;
		};
		89AC9CC824369BFA00703E9E /* Frameworks */ = {
			isa = PBXFrameworksBuildPhase;
			buildActionMask = 2147483647;
			files = (
			);
			runOnlyForDeploymentPostprocessing = 0;
		};
/* End PBXFrameworksBuildPhase section */

/* Begin PBXGroup section */
		890CD6DA2491F49C00ED3977 /* Network */ = {
			isa = PBXGroup;
			children = (
				890CD6DD2491F52D00ED3977 /* NetworkServiceProtocol.swift */,
				890CD6DB2491F51700ED3977 /* NetworkService.swift */,
				890CD6DF2491F54200ED3977 /* Resource.swift */,
			);
			path = Network;
			sourceTree = "<group>";
		};
		890CD6E92491F86900ED3977 /* UsersService */ = {
			isa = PBXGroup;
			children = (
				890CD6EC2491F9C900ED3977 /* UsersService.swift */,
				890CD6EA2491F88400ED3977 /* ResourceUsers.swift */,
				895A90502491AE44006C2E5D /* Responses */,
			);
			path = UsersService;
			sourceTree = "<group>";
		};
		895A90502491AE44006C2E5D /* Responses */ = {
			isa = PBXGroup;
			children = (
				89AC9CEE24369E9100703E9E /* GetUsersResponse.swift */,
			);
			path = Responses;
			sourceTree = "<group>";
		};
		896973962436E15E00BE3A3B /* ContactDetail */ = {
			isa = PBXGroup;
			children = (
				89AC9D1C2436A96F00703E9E /* MapView.swift */,
				89AC9CE824369E0100703E9E /* ContactDetailView.swift */,
			);
			path = ContactDetail;
			sourceTree = "<group>";
		};
		896973972436E16900BE3A3B /* Home */ = {
			isa = PBXGroup;
			children = (
				89AC9D152436A51B00703E9E /* HomeView.swift */,
				89AC9D202436ADF200703E9E /* ContactRowView.swift */,
			);
			path = Home;
			sourceTree = "<group>";
		};
		896973982436E16E00BE3A3B /* Welcome */ = {
			isa = PBXGroup;
			children = (
				89AC9CB824369BFA00703E9E /* LaunchScreen.storyboard */,
				89AC9CB124369BF700703E9E /* ContentView.swift */,
				89AC9D132436A4CC00703E9E /* WelcomeView.swift */,
				89AC9D042436A1AC00703E9E /* LoginView.swift */,
			);
			path = Welcome;
			sourceTree = "<group>";
		};
		89AC9C9E24369BF600703E9E = {
			isa = PBXGroup;
			children = (
				89AC9CA924369BF600703E9E /* IOSDemo */,
				89AC9CC324369BFA00703E9E /* IOSDemoTests */,
				89AC9CCE24369BFA00703E9E /* IOSDemoUITests */,
				89AC9CA824369BF600703E9E /* Products */,
			);
			sourceTree = "<group>";
		};
		89AC9CA824369BF600703E9E /* Products */ = {
			isa = PBXGroup;
			children = (
				89AC9CA724369BF600703E9E /* IOSDemo.app */,
				89AC9CC024369BFA00703E9E /* IOSDemoTests.xctest */,
				89AC9CCB24369BFA00703E9E /* IOSDemoUITests.xctest */,
			);
			name = Products;
			sourceTree = "<group>";
		};
		89AC9CA924369BF600703E9E /* IOSDemo */ = {
			isa = PBXGroup;
			children = (
				89AC9CE324369CCF00703E9E /* Models */,
				89AC9CE124369CBD00703E9E /* Views */,
				89AC9CE224369CC400703E9E /* ViewModels */,
				89AC9CE724369D6400703E9E /* Service */,
				89AC9CE024369CB600703E9E /* DataManagers */,
				89AC9CDF24369CAE00703E9E /* Extensions */,
				89AC9CDE24369CA500703E9E /* Utils */,
				89AC9CDD24369C7900703E9E /* AppDelegate */,
				89AC9D262436B24800703E9E /* Resources */,
				89AC9CBB24369BFA00703E9E /* Info.plist */,
				89AC9CB524369BFA00703E9E /* Preview Content */,
			);
			path = IOSDemo;
			sourceTree = "<group>";
		};
		89AC9CB524369BFA00703E9E /* Preview Content */ = {
			isa = PBXGroup;
			children = (
				89AC9CB624369BFA00703E9E /* Preview Assets.xcassets */,
			);
			path = "Preview Content";
			sourceTree = "<group>";
		};
		89AC9CC324369BFA00703E9E /* IOSDemoTests */ = {
			isa = PBXGroup;
			children = (
				89AC9CE424369CF400703E9E /* Cases */,
				89AC9CE624369D1700703E9E /* Data */,
				89AC9CC624369BFA00703E9E /* Info.plist */,
			);
			path = IOSDemoTests;
			sourceTree = "<group>";
		};
		89AC9CCE24369BFA00703E9E /* IOSDemoUITests */ = {
			isa = PBXGroup;
			children = (
				89AC9CE524369D0C00703E9E /* Cases */,
				89AC9CD124369BFA00703E9E /* Info.plist */,
			);
			path = IOSDemoUITests;
			sourceTree = "<group>";
		};
		89AC9CDD24369C7900703E9E /* AppDelegate */ = {
			isa = PBXGroup;
			children = (
				89AC9CAA24369BF600703E9E /* AppDelegate.swift */,
				89AC9CAC24369BF600703E9E /* SceneDelegate.swift */,
			);
			path = AppDelegate;
			sourceTree = "<group>";
		};
		89AC9CDE24369CA500703E9E /* Utils */ = {
			isa = PBXGroup;
			children = (
				89AC9CFE2436A06800703E9E /* LoadingView.swift */,
				89AC9D242436B00C00703E9E /* AppDefaults.swift */,
			);
			path = Utils;
			sourceTree = "<group>";
		};
		89AC9CDF24369CAE00703E9E /* Extensions */ = {
			isa = PBXGroup;
			children = (
				89AC9CFC24369FB400703E9E /* ColorExtension.swift */,
				89AC9CF424369EFF00703E9E /* UIColorExtension.swift */,
				89AC9CF624369F1C00703E9E /* StringExtension.swift */,
				89AC9CF824369F4D00703E9E /* NotificationNameExtension.swift */,
				89AC9CFA24369F9800703E9E /* NSManagedObjectContactExtension.swift */,
				890CD6E12491F5D500ED3977 /* PublisherUtils.swift */,
			);
			path = Extensions;
			sourceTree = "<group>";
		};
		89AC9CE024369CB600703E9E /* DataManagers */ = {
			isa = PBXGroup;
			children = (
				89AC9CF224369ED900703E9E /* UserDataManager.swift */,
			);
			path = DataManagers;
			sourceTree = "<group>";
		};
		89AC9CE124369CBD00703E9E /* Views */ = {
			isa = PBXGroup;
			children = (
				896973982436E16E00BE3A3B /* Welcome */,
				896973972436E16900BE3A3B /* Home */,
				896973962436E15E00BE3A3B /* ContactDetail */,
			);
			path = Views;
			sourceTree = "<group>";
		};
		89AC9CE224369CC400703E9E /* ViewModels */ = {
			isa = PBXGroup;
			children = (
				89AC9D002436A0CE00703E9E /* ContactListViewModel.swift */,
				89AC9D062436A27D00703E9E /* ContactRowViewModel.swift */,
				89AC9CEA24369E3900703E9E /* ContactDetailViewModel.swift */,
				890CD7032496A43E00ED3977 /* LoginViewModel.swift */,
				890CD7052496A88800ED3977 /* ContentViewModel.swift */,
			);
			path = ViewModels;
			sourceTree = "<group>";
		};
		89AC9CE324369CCF00703E9E /* Models */ = {
			isa = PBXGroup;
			children = (
				89AC9D082436A2EA00703E9E /* ManagedObject */,
				89AC9CF024369EB500703E9E /* Contact.swift */,
				8969738E2436DFE800BE3A3B /* Coordinates.swift */,
				896973902436E01D00BE3A3B /* Location.swift */,
				896973922436E03200BE3A3B /* Picture.swift */,
				896973942436E04300BE3A3B /* Name.swift */,
			);
			path = Models;
			sourceTree = "<group>";
		};
		89AC9CE424369CF400703E9E /* Cases */ = {
			isa = PBXGroup;
			children = (
				89AC9D272436B70600703E9E /* APIDataTests.swift */,
				89837A192436EB7C00A55FC8 /* AccountTexts.swift */,
			);
			path = Cases;
			sourceTree = "<group>";
		};
		89AC9CE524369D0C00703E9E /* Cases */ = {
			isa = PBXGroup;
			children = (
				89AC9CCF24369BFA00703E9E /* IOSDemoUITests.swift */,
			);
			path = Cases;
			sourceTree = "<group>";
		};
		89AC9CE624369D1700703E9E /* Data */ = {
			isa = PBXGroup;
			children = (
			);
			path = Data;
			sourceTree = "<group>";
		};
		89AC9CE724369D6400703E9E /* Service */ = {
			isa = PBXGroup;
			children = (
				890CD6E92491F86900ED3977 /* UsersService */,
				890CD6DA2491F49C00ED3977 /* Network */,
				890CD6E52491F69700ED3977 /* ServicesProvider.swift */,
				890CD6E72491F7A900ED3977 /* ApiConstants.swift */,
				890CD6EE249209E500ED3977 /* Scheduler.swift */,
			);
			path = Service;
			sourceTree = "<group>";
		};
		89AC9D082436A2EA00703E9E /* ManagedObject */ = {
			isa = PBXGroup;
			children = (
				89AC9D092436A30A00703E9E /* PictureEntity.swift */,
				89AC9D0B2436A32500703E9E /* NameEntity.swift */,
				89AC9D0D2436A33100703E9E /* LocationEntity.swift */,
				89AC9D0F2436A34200703E9E /* CoordinatesEntity.swift */,
				89AC9D112436A34A00703E9E /* ContactEntity.swift */,
			);
			path = ManagedObject;
			sourceTree = "<group>";
		};
		89AC9D262436B24800703E9E /* Resources */ = {
			isa = PBXGroup;
			children = (
				89BF375D2436BD1E00C864D3 /* Fonts */,
				89AC9CAE24369BF600703E9E /* IOSDemo.xcdatamodeld */,
				89AC9CB324369BFA00703E9E /* Assets.xcassets */,
				89837A172436E91800A55FC8 /* Localizable.strings */,
			);
			path = Resources;
			sourceTree = "<group>";
		};
		89BF375D2436BD1E00C864D3 /* Fonts */ = {
			isa = PBXGroup;
			children = (
				89BF375B2436BD1700C864D3 /* monof55.ttf */,
			);
			path = Fonts;
			sourceTree = "<group>";
		};
/* End PBXGroup section */

/* Begin PBXNativeTarget section */
		89AC9CA624369BF600703E9E /* IOSDemo */ = {
			isa = PBXNativeTarget;
			buildConfigurationList = 89AC9CD424369BFA00703E9E /* Build configuration list for PBXNativeTarget "IOSDemo" */;
			buildPhases = (
				89AC9CA324369BF600703E9E /* Sources */,
				89AC9CA424369BF600703E9E /* Frameworks */,
				89AC9CA524369BF600703E9E /* Resources */,
			);
			buildRules = (
			);
			dependencies = (
			);
			name = IOSDemo;
			packageProductDependencies = (
				89AC9D1A2436A6E600703E9E /* URLImage */,
			);
			productName = IOSDemo;
			productReference = 89AC9CA724369BF600703E9E /* IOSDemo.app */;
			productType = "com.apple.product-type.application";
		};
		89AC9CBF24369BFA00703E9E /* IOSDemoTests */ = {
			isa = PBXNativeTarget;
			buildConfigurationList = 89AC9CD724369BFA00703E9E /* Build configuration list for PBXNativeTarget "IOSDemoTests" */;
			buildPhases = (
				89AC9CBC24369BFA00703E9E /* Sources */,
				89AC9CBD24369BFA00703E9E /* Frameworks */,
				89AC9CBE24369BFA00703E9E /* Resources */,
			);
			buildRules = (
			);
			dependencies = (
				89AC9CC224369BFA00703E9E /* PBXTargetDependency */,
			);
			name = IOSDemoTests;
			productName = IOSDemoTests;
			productReference = 89AC9CC024369BFA00703E9E /* IOSDemoTests.xctest */;
			productType = "com.apple.product-type.bundle.unit-test";
		};
		89AC9CCA24369BFA00703E9E /* IOSDemoUITests */ = {
			isa = PBXNativeTarget;
			buildConfigurationList = 89AC9CDA24369BFA00703E9E /* Build configuration list for PBXNativeTarget "IOSDemoUITests" */;
			buildPhases = (
				89AC9CC724369BFA00703E9E /* Sources */,
				89AC9CC824369BFA00703E9E /* Frameworks */,
				89AC9CC924369BFA00703E9E /* Resources */,
			);
			buildRules = (
			);
			dependencies = (
				89AC9CCD24369BFA00703E9E /* PBXTargetDependency */,
			);
			name = IOSDemoUITests;
			productName = IOSDemoUITests;
			productReference = 89AC9CCB24369BFA00703E9E /* IOSDemoUITests.xctest */;
			productType = "com.apple.product-type.bundle.ui-testing";
		};
/* End PBXNativeTarget section */

/* Begin PBXProject section */
		89AC9C9F24369BF600703E9E /* Project object */ = {
			isa = PBXProject;
			attributes = {
				LastSwiftUpdateCheck = 1140;
				LastUpgradeCheck = 1140;
				ORGANIZATIONNAME = "Duy Thien Chau";
				TargetAttributes = {
					89AC9CA624369BF600703E9E = {
						CreatedOnToolsVersion = 11.4;
					};
					89AC9CBF24369BFA00703E9E = {
						CreatedOnToolsVersion = 11.4;
						TestTargetID = 89AC9CA624369BF600703E9E;
					};
					89AC9CCA24369BFA00703E9E = {
						CreatedOnToolsVersion = 11.4;
						TestTargetID = 89AC9CA624369BF600703E9E;
					};
				};
			};
			buildConfigurationList = 89AC9CA224369BF600703E9E /* Build configuration list for PBXProject "IOSDemo" */;
			compatibilityVersion = "Xcode 9.3";
			developmentRegion = en;
			hasScannedForEncodings = 0;
			knownRegions = (
				en,
				Base,
				vi,
			);
			mainGroup = 89AC9C9E24369BF600703E9E;
			packageReferences = (
				89AC9D192436A6E600703E9E /* XCRemoteSwiftPackageReference "url-image" */,
			);
			productRefGroup = 89AC9CA824369BF600703E9E /* Products */;
			projectDirPath = "";
			projectRoot = "";
			targets = (
				89AC9CA624369BF600703E9E /* IOSDemo */,
				89AC9CBF24369BFA00703E9E /* IOSDemoTests */,
				89AC9CCA24369BFA00703E9E /* IOSDemoUITests */,
			);
		};
/* End PBXProject section */

/* Begin PBXResourcesBuildPhase section */
		89AC9CA524369BF600703E9E /* Resources */ = {
			isa = PBXResourcesBuildPhase;
			buildActionMask = 2147483647;
			files = (
				89837A152436E91800A55FC8 /* Localizable.strings in Resources */,
				89BF375C2436BD1700C864D3 /* monof55.ttf in Resources */,
				89AC9CBA24369BFA00703E9E /* LaunchScreen.storyboard in Resources */,
				89AC9CB724369BFA00703E9E /* Preview Assets.xcassets in Resources */,
				89AC9CB424369BFA00703E9E /* Assets.xcassets in Resources */,
			);
			runOnlyForDeploymentPostprocessing = 0;
		};
		89AC9CBE24369BFA00703E9E /* Resources */ = {
			isa = PBXResourcesBuildPhase;
			buildActionMask = 2147483647;
			files = (
			);
			runOnlyForDeploymentPostprocessing = 0;
		};
		89AC9CC924369BFA00703E9E /* Resources */ = {
			isa = PBXResourcesBuildPhase;
			buildActionMask = 2147483647;
			files = (
			);
			runOnlyForDeploymentPostprocessing = 0;
		};
/* End PBXResourcesBuildPhase section */

/* Begin PBXSourcesBuildPhase section */
		89AC9CA324369BF600703E9E /* Sources */ = {
			isa = PBXSourcesBuildPhase;
			buildActionMask = 2147483647;
			files = (
				890CD6E02491F54200ED3977 /* Resource.swift in Sources */,
				89AC9D162436A51B00703E9E /* HomeView.swift in Sources */,
				890CD6ED2491F9C900ED3977 /* UsersService.swift in Sources */,
				89AC9CF124369EB500703E9E /* Contact.swift in Sources */,
				890CD6E62491F69700ED3977 /* ServicesProvider.swift in Sources */,
				89AC9CB024369BF600703E9E /* IOSDemo.xcdatamodeld in Sources */,
				89AC9D102436A34200703E9E /* CoordinatesEntity.swift in Sources */,
				89AC9D252436B00C00703E9E /* AppDefaults.swift in Sources */,
				896973952436E04300BE3A3B /* Name.swift in Sources */,
				89AC9D0C2436A32500703E9E /* NameEntity.swift in Sources */,
				89AC9CEF24369E9100703E9E /* GetUsersResponse.swift in Sources */,
				89AC9CFB24369F9800703E9E /* NSManagedObjectContactExtension.swift in Sources */,
				89AC9CFF2436A06800703E9E /* LoadingView.swift in Sources */,
				896973932436E03200BE3A3B /* Picture.swift in Sources */,
				890CD6DC2491F51700ED3977 /* NetworkService.swift in Sources */,
				89AC9CAB24369BF600703E9E /* AppDelegate.swift in Sources */,
				89AC9CB224369BF700703E9E /* ContentView.swift in Sources */,
				89AC9D072436A27D00703E9E /* ContactRowViewModel.swift in Sources */,
				89AC9CAD24369BF600703E9E /* SceneDelegate.swift in Sources */,
				89AC9D212436ADF200703E9E /* ContactRowView.swift in Sources */,
				890CD7042496A43E00ED3977 /* LoginViewModel.swift in Sources */,
				89AC9D1D2436A96F00703E9E /* MapView.swift in Sources */,
				89AC9D012436A0CE00703E9E /* ContactListViewModel.swift in Sources */,
				8969738F2436DFE800BE3A3B /* Coordinates.swift in Sources */,
				890CD6EB2491F88400ED3977 /* ResourceUsers.swift in Sources */,
				89AC9CEB24369E3900703E9E /* ContactDetailViewModel.swift in Sources */,
				89AC9D0A2436A30A00703E9E /* PictureEntity.swift in Sources */,
				89AC9CFD24369FB400703E9E /* ColorExtension.swift in Sources */,
				896973912436E01D00BE3A3B /* Location.swift in Sources */,
				89AC9CF724369F1C00703E9E /* StringExtension.swift in Sources */,
				89AC9D142436A4CC00703E9E /* WelcomeView.swift in Sources */,
				890CD6E22491F5D500ED3977 /* PublisherUtils.swift in Sources */,
				89AC9CF924369F4D00703E9E /* NotificationNameExtension.swift in Sources */,
				89AC9CF524369EFF00703E9E /* UIColorExtension.swift in Sources */,
				890CD6E82491F7A900ED3977 /* ApiConstants.swift in Sources */,
				890CD7062496A88800ED3977 /* ContentViewModel.swift in Sources */,
				89AC9D122436A34A00703E9E /* ContactEntity.swift in Sources */,
				89AC9D052436A1AC00703E9E /* LoginView.swift in Sources */,
				890CD6DE2491F52D00ED3977 /* NetworkServiceProtocol.swift in Sources */,
				89AC9D0E2436A33100703E9E /* LocationEntity.swift in Sources */,
				890CD6EF249209E500ED3977 /* Scheduler.swift in Sources */,
				89AC9CF324369ED900703E9E /* UserDataManager.swift in Sources */,
				89AC9CE924369E0100703E9E /* ContactDetailView.swift in Sources */,
			);
			runOnlyForDeploymentPostprocessing = 0;
		};
		89AC9CBC24369BFA00703E9E /* Sources */ = {
			isa = PBXSourcesBuildPhase;
			buildActionMask = 2147483647;
			files = (
				89837A1A2436EB7C00A55FC8 /* AccountTexts.swift in Sources */,
				89AC9D282436B70600703E9E /* APIDataTests.swift in Sources */,
			);
			runOnlyForDeploymentPostprocessing = 0;
		};
		89AC9CC724369BFA00703E9E /* Sources */ = {
			isa = PBXSourcesBuildPhase;
			buildActionMask = 2147483647;
			files = (
				89AC9CD024369BFA00703E9E /* IOSDemoUITests.swift in Sources */,
			);
			runOnlyForDeploymentPostprocessing = 0;
		};
/* End PBXSourcesBuildPhase section */

/* Begin PBXTargetDependency section */
		89AC9CC224369BFA00703E9E /* PBXTargetDependency */ = {
			isa = PBXTargetDependency;
			target = 89AC9CA624369BF600703E9E /* IOSDemo */;
			targetProxy = 89AC9CC124369BFA00703E9E /* PBXContainerItemProxy */;
		};
		89AC9CCD24369BFA00703E9E /* PBXTargetDependency */ = {
			isa = PBXTargetDependency;
			target = 89AC9CA624369BF600703E9E /* IOSDemo */;
			targetProxy = 89AC9CCC24369BFA00703E9E /* PBXContainerItemProxy */;
		};
/* End PBXTargetDependency section */

/* Begin PBXVariantGroup section */
		89837A172436E91800A55FC8 /* Localizable.strings */ = {
			isa = PBXVariantGroup;
			children = (
				89837A162436E91800A55FC8 /* en */,
				89837A182436E92C00A55FC8 /* vi */,
			);
			name = Localizable.strings;
			sourceTree = "<group>";
		};
		89AC9CB824369BFA00703E9E /* LaunchScreen.storyboard */ = {
			isa = PBXVariantGroup;
			children = (
				89AC9CB924369BFA00703E9E /* Base */,
			);
			name = LaunchScreen.storyboard;
			sourceTree = "<group>";
		};
/* End PBXVariantGroup section */

/* Begin XCBuildConfiguration section */
		89AC9CD224369BFA00703E9E /* Debug */ = {
			isa = XCBuildConfiguration;
			buildSettings = {
				ALWAYS_SEARCH_USER_PATHS = NO;
				CLANG_ANALYZER_LOCALIZABILITY_NONLOCALIZED = YES;
				CLANG_ANALYZER_NONNULL = YES;
				CLANG_ANALYZER_NUMBER_OBJECT_CONVERSION = YES_AGGRESSIVE;
				CLANG_CXX_LANGUAGE_STANDARD = "gnu++14";
				CLANG_CXX_LIBRARY = "libc++";
				CLANG_ENABLE_MODULES = YES;
				CLANG_ENABLE_OBJC_ARC = YES;
				CLANG_ENABLE_OBJC_WEAK = YES;
				CLANG_WARN_BLOCK_CAPTURE_AUTORELEASING = YES;
				CLANG_WARN_BOOL_CONVERSION = YES;
				CLANG_WARN_COMMA = YES;
				CLANG_WARN_CONSTANT_CONVERSION = YES;
				CLANG_WARN_DEPRECATED_OBJC_IMPLEMENTATIONS = YES;
				CLANG_WARN_DIRECT_OBJC_ISA_USAGE = YES_ERROR;
				CLANG_WARN_DOCUMENTATION_COMMENTS = YES;
				CLANG_WARN_EMPTY_BODY = YES;
				CLANG_WARN_ENUM_CONVERSION = YES;
				CLANG_WARN_INFINITE_RECURSION = YES;
				CLANG_WARN_INT_CONVERSION = YES;
				CLANG_WARN_NON_LITERAL_NULL_CONVERSION = YES;
				CLANG_WARN_OBJC_IMPLICIT_RETAIN_SELF = YES;
				CLANG_WARN_OBJC_LITERAL_CONVERSION = YES;
				CLANG_WARN_OBJC_ROOT_CLASS = YES_ERROR;
				CLANG_WARN_RANGE_LOOP_ANALYSIS = YES;
				CLANG_WARN_STRICT_PROTOTYPES = YES;
				CLANG_WARN_SUSPICIOUS_MOVE = YES;
				CLANG_WARN_UNGUARDED_AVAILABILITY = YES_AGGRESSIVE;
				CLANG_WARN_UNREACHABLE_CODE = YES;
				CLANG_WARN__DUPLICATE_METHOD_MATCH = YES;
				COPY_PHASE_STRIP = NO;
				DEBUG_INFORMATION_FORMAT = dwarf;
				ENABLE_STRICT_OBJC_MSGSEND = YES;
				ENABLE_TESTABILITY = YES;
				GCC_C_LANGUAGE_STANDARD = gnu11;
				GCC_DYNAMIC_NO_PIC = NO;
				GCC_NO_COMMON_BLOCKS = YES;
				GCC_OPTIMIZATION_LEVEL = 0;
				GCC_PREPROCESSOR_DEFINITIONS = (
					"DEBUG=1",
					"$(inherited)",
				);
				GCC_WARN_64_TO_32_BIT_CONVERSION = YES;
				GCC_WARN_ABOUT_RETURN_TYPE = YES_ERROR;
				GCC_WARN_UNDECLARED_SELECTOR = YES;
				GCC_WARN_UNINITIALIZED_AUTOS = YES_AGGRESSIVE;
				GCC_WARN_UNUSED_FUNCTION = YES;
				GCC_WARN_UNUSED_VARIABLE = YES;
				IPHONEOS_DEPLOYMENT_TARGET = 13.4;
				MTL_ENABLE_DEBUG_INFO = INCLUDE_SOURCE;
				MTL_FAST_MATH = YES;
				ONLY_ACTIVE_ARCH = YES;
				SDKROOT = iphoneos;
				SWIFT_ACTIVE_COMPILATION_CONDITIONS = DEBUG;
				SWIFT_OPTIMIZATION_LEVEL = "-Onone";
			};
			name = Debug;
		};
		89AC9CD324369BFA00703E9E /* Release */ = {
			isa = XCBuildConfiguration;
			buildSettings = {
				ALWAYS_SEARCH_USER_PATHS = NO;
				CLANG_ANALYZER_LOCALIZABILITY_NONLOCALIZED = YES;
				CLANG_ANALYZER_NONNULL = YES;
				CLANG_ANALYZER_NUMBER_OBJECT_CONVERSION = YES_AGGRESSIVE;
				CLANG_CXX_LANGUAGE_STANDARD = "gnu++14";
				CLANG_CXX_LIBRARY = "libc++";
				CLANG_ENABLE_MODULES = YES;
				CLANG_ENABLE_OBJC_ARC = YES;
				CLANG_ENABLE_OBJC_WEAK = YES;
				CLANG_WARN_BLOCK_CAPTURE_AUTORELEASING = YES;
				CLANG_WARN_BOOL_CONVERSION = YES;
				CLANG_WARN_COMMA = YES;
				CLANG_WARN_CONSTANT_CONVERSION = YES;
				CLANG_WARN_DEPRECATED_OBJC_IMPLEMENTATIONS = YES;
				CLANG_WARN_DIRECT_OBJC_ISA_USAGE = YES_ERROR;
				CLANG_WARN_DOCUMENTATION_COMMENTS = YES;
				CLANG_WARN_EMPTY_BODY = YES;
				CLANG_WARN_ENUM_CONVERSION = YES;
				CLANG_WARN_INFINITE_RECURSION = YES;
				CLANG_WARN_INT_CONVERSION = YES;
				CLANG_WARN_NON_LITERAL_NULL_CONVERSION = YES;
				CLANG_WARN_OBJC_IMPLICIT_RETAIN_SELF = YES;
				CLANG_WARN_OBJC_LITERAL_CONVERSION = YES;
				CLANG_WARN_OBJC_ROOT_CLASS = YES_ERROR;
				CLANG_WARN_RANGE_LOOP_ANALYSIS = YES;
				CLANG_WARN_STRICT_PROTOTYPES = YES;
				CLANG_WARN_SUSPICIOUS_MOVE = YES;
				CLANG_WARN_UNGUARDED_AVAILABILITY = YES_AGGRESSIVE;
				CLANG_WARN_UNREACHABLE_CODE = YES;
				CLANG_WARN__DUPLICATE_METHOD_MATCH = YES;
				COPY_PHASE_STRIP = NO;
				DEBUG_INFORMATION_FORMAT = "dwarf-with-dsym";
				ENABLE_NS_ASSERTIONS = NO;
				ENABLE_STRICT_OBJC_MSGSEND = YES;
				GCC_C_LANGUAGE_STANDARD = gnu11;
				GCC_NO_COMMON_BLOCKS = YES;
				GCC_WARN_64_TO_32_BIT_CONVERSION = YES;
				GCC_WARN_ABOUT_RETURN_TYPE = YES_ERROR;
				GCC_WARN_UNDECLARED_SELECTOR = YES;
				GCC_WARN_UNINITIALIZED_AUTOS = YES_AGGRESSIVE;
				GCC_WARN_UNUSED_FUNCTION = YES;
				GCC_WARN_UNUSED_VARIABLE = YES;
				IPHONEOS_DEPLOYMENT_TARGET = 13.4;
				MTL_ENABLE_DEBUG_INFO = NO;
				MTL_FAST_MATH = YES;
				SDKROOT = iphoneos;
				SWIFT_COMPILATION_MODE = wholemodule;
				SWIFT_OPTIMIZATION_LEVEL = "-O";
				VALIDATE_PRODUCT = YES;
			};
			name = Release;
		};
		89AC9CD524369BFA00703E9E /* Debug */ = {
			isa = XCBuildConfiguration;
			buildSettings = {
				ASSETCATALOG_COMPILER_APPICON_NAME = AppIcon;
				CODE_SIGN_STYLE = Automatic;
				DEVELOPMENT_ASSET_PATHS = "\"IOSDemo/Preview Content\"";
				DEVELOPMENT_TEAM = 8STB73A968;
				ENABLE_PREVIEWS = YES;
				INFOPLIST_FILE = IOSDemo/Info.plist;
				LD_RUNPATH_SEARCH_PATHS = (
					"$(inherited)",
					"@executable_path/Frameworks",
				);
				PRODUCT_BUNDLE_IDENTIFIER = thien.IOSDemo;
				PRODUCT_NAME = "$(TARGET_NAME)";
				SWIFT_VERSION = 5.0;
				TARGETED_DEVICE_FAMILY = "1,2";
			};
			name = Debug;
		};
		89AC9CD624369BFA00703E9E /* Release */ = {
			isa = XCBuildConfiguration;
			buildSettings = {
				ASSETCATALOG_COMPILER_APPICON_NAME = AppIcon;
				CODE_SIGN_STYLE = Automatic;
				DEVELOPMENT_ASSET_PATHS = "\"IOSDemo/Preview Content\"";
				DEVELOPMENT_TEAM = 8STB73A968;
				ENABLE_PREVIEWS = YES;
				INFOPLIST_FILE = IOSDemo/Info.plist;
				LD_RUNPATH_SEARCH_PATHS = (
					"$(inherited)",
					"@executable_path/Frameworks",
				);
				PRODUCT_BUNDLE_IDENTIFIER = thien.IOSDemo;
				PRODUCT_NAME = "$(TARGET_NAME)";
				SWIFT_VERSION = 5.0;
				TARGETED_DEVICE_FAMILY = "1,2";
			};
			name = Release;
		};
		89AC9CD824369BFA00703E9E /* Debug */ = {
			isa = XCBuildConfiguration;
			buildSettings = {
				ALWAYS_EMBED_SWIFT_STANDARD_LIBRARIES = YES;
				BUNDLE_LOADER = "$(TEST_HOST)";
				CODE_SIGN_STYLE = Automatic;
				DEVELOPMENT_TEAM = 8STB73A968;
				INFOPLIST_FILE = IOSDemoTests/Info.plist;
				IPHONEOS_DEPLOYMENT_TARGET = 13.4;
				LD_RUNPATH_SEARCH_PATHS = (
					"$(inherited)",
					"@executable_path/Frameworks",
					"@loader_path/Frameworks",
				);
				PRODUCT_BUNDLE_IDENTIFIER = thien.IOSDemoTests;
				PRODUCT_NAME = "$(TARGET_NAME)";
				SWIFT_VERSION = 5.0;
				TARGETED_DEVICE_FAMILY = "1,2";
				TEST_HOST = "$(BUILT_PRODUCTS_DIR)/IOSDemo.app/IOSDemo";
			};
			name = Debug;
		};
		89AC9CD924369BFA00703E9E /* Release */ = {
			isa = XCBuildConfiguration;
			buildSettings = {
				ALWAYS_EMBED_SWIFT_STANDARD_LIBRARIES = YES;
				BUNDLE_LOADER = "$(TEST_HOST)";
				CODE_SIGN_STYLE = Automatic;
				DEVELOPMENT_TEAM = 8STB73A968;
				INFOPLIST_FILE = IOSDemoTests/Info.plist;
				IPHONEOS_DEPLOYMENT_TARGET = 13.4;
				LD_RUNPATH_SEARCH_PATHS = (
					"$(inherited)",
					"@executable_path/Frameworks",
					"@loader_path/Frameworks",
				);
				PRODUCT_BUNDLE_IDENTIFIER = thien.IOSDemoTests;
				PRODUCT_NAME = "$(TARGET_NAME)";
				SWIFT_VERSION = 5.0;
				TARGETED_DEVICE_FAMILY = "1,2";
				TEST_HOST = "$(BUILT_PRODUCTS_DIR)/IOSDemo.app/IOSDemo";
			};
			name = Release;
		};
		89AC9CDB24369BFA00703E9E /* Debug */ = {
			isa = XCBuildConfiguration;
			buildSettings = {
				ALWAYS_EMBED_SWIFT_STANDARD_LIBRARIES = YES;
				CODE_SIGN_STYLE = Automatic;
				DEVELOPMENT_TEAM = 8STB73A968;
				INFOPLIST_FILE = IOSDemoUITests/Info.plist;
				LD_RUNPATH_SEARCH_PATHS = (
					"$(inherited)",
					"@executable_path/Frameworks",
					"@loader_path/Frameworks",
				);
				PRODUCT_BUNDLE_IDENTIFIER = thien.IOSDemoUITests;
				PRODUCT_NAME = "$(TARGET_NAME)";
				SWIFT_VERSION = 5.0;
				TARGETED_DEVICE_FAMILY = "1,2";
				TEST_TARGET_NAME = IOSDemo;
			};
			name = Debug;
		};
		89AC9CDC24369BFA00703E9E /* Release */ = {
			isa = XCBuildConfiguration;
			buildSettings = {
				ALWAYS_EMBED_SWIFT_STANDARD_LIBRARIES = YES;
				CODE_SIGN_STYLE = Automatic;
				DEVELOPMENT_TEAM = 8STB73A968;
				INFOPLIST_FILE = IOSDemoUITests/Info.plist;
				LD_RUNPATH_SEARCH_PATHS = (
					"$(inherited)",
					"@executable_path/Frameworks",
					"@loader_path/Frameworks",
				);
				PRODUCT_BUNDLE_IDENTIFIER = thien.IOSDemoUITests;
				PRODUCT_NAME = "$(TARGET_NAME)";
				SWIFT_VERSION = 5.0;
				TARGETED_DEVICE_FAMILY = "1,2";
				TEST_TARGET_NAME = IOSDemo;
			};
			name = Release;
		};
/* End XCBuildConfiguration section */

/* Begin XCConfigurationList section */
		89AC9CA224369BF600703E9E /* Build configuration list for PBXProject "IOSDemo" */ = {
			isa = XCConfigurationList;
			buildConfigurations = (
				89AC9CD224369BFA00703E9E /* Debug */,
				89AC9CD324369BFA00703E9E /* Release */,
			);
			defaultConfigurationIsVisible = 0;
			defaultConfigurationName = Release;
		};
		89AC9CD424369BFA00703E9E /* Build configuration list for PBXNativeTarget "IOSDemo" */ = {
			isa = XCConfigurationList;
			buildConfigurations = (
				89AC9CD524369BFA00703E9E /* Debug */,
				89AC9CD624369BFA00703E9E /* Release */,
			);
			defaultConfigurationIsVisible = 0;
			defaultConfigurationName = Release;
		};
		89AC9CD724369BFA00703E9E /* Build configuration list for PBXNativeTarget "IOSDemoTests" */ = {
			isa = XCConfigurationList;
			buildConfigurations = (
				89AC9CD824369BFA00703E9E /* Debug */,
				89AC9CD924369BFA00703E9E /* Release */,
			);
			defaultConfigurationIsVisible = 0;
			defaultConfigurationName = Release;
		};
		89AC9CDA24369BFA00703E9E /* Build configuration list for PBXNativeTarget "IOSDemoUITests" */ = {
			isa = XCConfigurationList;
			buildConfigurations = (
				89AC9CDB24369BFA00703E9E /* Debug */,
				89AC9CDC24369BFA00703E9E /* Release */,
			);
			defaultConfigurationIsVisible = 0;
			defaultConfigurationName = Release;
		};
/* End XCConfigurationList section */

/* Begin XCRemoteSwiftPackageReference section */
		89AC9D192436A6E600703E9E /* XCRemoteSwiftPackageReference "url-image" */ = {
			isa = XCRemoteSwiftPackageReference;
			repositoryURL = "https://github.com/dmytro-anokhin/url-image.git";
			requirement = {
				kind = upToNextMinorVersion;
				minimumVersion = 0.9.13;
			};
		};
/* End XCRemoteSwiftPackageReference section */

/* Begin XCSwiftPackageProductDependency section */
		89AC9D1A2436A6E600703E9E /* URLImage */ = {
			isa = XCSwiftPackageProductDependency;
			package = 89AC9D192436A6E600703E9E /* XCRemoteSwiftPackageReference "url-image" */;
			productName = URLImage;
		};
/* End XCSwiftPackageProductDependency section */

/* Begin XCVersionGroup section */
		89AC9CAE24369BF600703E9E /* IOSDemo.xcdatamodeld */ = {
			isa = XCVersionGroup;
			children = (
				89AC9CAF24369BF600703E9E /* IOSDemo.xcdatamodel */,
			);
			currentVersion = 89AC9CAF24369BF600703E9E /* IOSDemo.xcdatamodel */;
			path = IOSDemo.xcdatamodeld;
			sourceTree = "<group>";
			versionGroupType = wrapper.xcdatamodel;
		};
/* End XCVersionGroup section */
	};
	rootObject = 89AC9C9F24369BF600703E9E /* Project object */;
}
